
Microsoft Visual Studio Solution File, Format Version 12.00
# Visual Studio Version 17
VisualStudioVersion = 17.0.32112.339
MinimumVisualStudioVersion = 10.0.40219.1
Project("{9A19103F-16F7-4668-BE54-9A1E7A4F7556}") = "PreactHtmStarter", "PreactHtmStarter\PreactHtmStarter.csproj", "{12EE77E0-C2BA-4B8B-9C6A-AC5F1AA80D93}"
EndProject
Global
	GlobalSection(SolutionConfigurationPlatforms) = preSolution
		Debug|Any CPU = Debug|Any CPU
		Release|Any CPU = Release|Any CPU
	EndGlobalSection
	GlobalSection(ProjectConfigurationPlatforms) = postSolution
		{1B16A669-0978-43B3-9D90-B44DA0F3076E}.Debug|Any CPU.ActiveCfg = Debug|Any CPU
		{1B16A669-0978-43B3-9D90-B44DA0F3076E}.Debug|Any CPU.Build.0 = Debug|Any CPU
		{1B16A669-0978-43B3-9D90-B44DA0F3076E}.Release|Any CPU.ActiveCfg = Release|Any CPU
		{1B16A669-0978-43B3-9D90-B44DA0F3076E}.Release|Any CPU.Build.0 = Release|Any CPU
		{12EE77E0-C2BA-4B8B-9C6A-AC5F1AA80D93}.Debug|Any CPU.ActiveCfg = Debug|Any CPU
		{12EE77E0-C2BA-4B8B-9C6A-AC5F1AA80D93}.Debug|Any CPU.Build.0 = Debug|Any CPU
		{12EE77E0-C2BA-4B8B-9C6A-AC5F1AA80D93}.Release|Any CPU.ActiveCfg = Release|Any CPU
		{12EE77E0-C2BA-4B8B-9C6A-AC5F1AA80D93}.Release|Any CPU.Build.0 = Release|Any CPU
	EndGlobalSection
	GlobalSection(SolutionProperties) = preSolution
		HideSolutionNode = FALSE
	EndGlobalSection
	GlobalSection(ExtensibilityGlobals) = postSolution
		SolutionGuid = {586F92BB-9455-41AB-BA44-4E1DF6C24887}
	EndGlobalSection
EndGlobal
